lockfileVersion: '9.0'

settings:
  autoInstallPeers: true
  excludeLinksFromLockfile: false

importers:

  .:
    devDependencies:
      turbo:
        specifier: ^2.7.4
        version: 2.7.4
      typescript:
        specifier: ^5.9.3
        version: 5.9.3

  packages/anthropic:
    devDependencies:
      '@anthropic-ai/sdk':
        specifier: ^0.71.2
        version: 0.71.2(zod@3.25.76)
      '@reminix/runtime':
        specifier: workspace:*
        version: link:../runtime
      '@types/node':
        specifier: ^22.0.0
        version: 22.19.5
      typescript:
        specifier: ^5.9.3
        version: 5.9.3

  packages/langchain:
    devDependencies:
      '@langchain/core':
        specifier: ^1.1.12
        version: 1.1.12(@opentelemetry/api@1.9.0)(openai@6.16.0(zod@3.25.76))
      '@reminix/runtime':
        specifier: workspace:*
        version: link:../runtime
      '@types/node':
        specifier: ^22.0.0
        version: 22.19.5
      typescript:
        specifier: ^5.9.3
        version: 5.9.3

  packages/langgraph:
    devDependencies:
      '@langchain/langgraph':
        specifier: ^1.0.15
        version: 1.0.15(@langchain/core@1.1.12(@opentelemetry/api@1.9.0)(openai@6.16.0(zod@3.25.76)))(react@19.2.3)(zod-to-json-schema@3.25.1(zod@3.25.76))(zod@3.25.76)
      '@reminix/runtime':
        specifier: workspace:*
        version: link:../runtime
      '@types/node':
        specifier: ^22.0.0
        version: 22.19.5
      typescript:
        specifier: ^5.9.3
        version: 5.9.3

  packages/openai:
    devDependencies:
      '@reminix/runtime':
        specifier: workspace:*
        version: link:../runtime
      '@types/node':
        specifier: ^22.0.0
        version: 22.19.5
      openai:
        specifier: ^6.16.0
        version: 6.16.0(zod@3.25.76)
      typescript:
        specifier: ^5.9.3
        version: 5.9.3

  packages/runtime:
    dependencies:
      '@hono/node-server':
        specifier: ^1.19.8
        version: 1.19.8(hono@4.11.4)
      hono:
        specifier: ^4.11.4
        version: 4.11.4
    devDependencies:
      '@types/node':
        specifier: ^22.0.0
        version: 22.19.5
      typescript:
        specifier: ^5.9.3
        version: 5.9.3

  packages/vercel-ai:
    devDependencies:
      '@reminix/runtime':
        specifier: workspace:*
        version: link:../runtime
      '@types/node':
        specifier: ^22.0.0
        version: 22.19.5
      ai:
        specifier: ^6.0.31
        version: 6.0.31(zod@3.25.76)
      typescript:
        specifier: ^5.9.3
        version: 5.9.3

packages:

  '@ai-sdk/gateway@3.0.13':
    resolution: {integrity: sha512-g7nE4PFtngOZNZSy1lOPpkC+FAiHxqBJXqyRMEG7NUrEVZlz5goBdtHg1YgWRJIX776JTXAmbOI5JreAKVAsVA==}
    engines: {node: '>=18'}
    peerDependencies:
      zod: ^3.25.76 || ^4.1.8

  '@ai-sdk/provider-utils@4.0.5':
    resolution: {integrity: sha512-Ow/X/SEkeExTTc1x+nYLB9ZHK2WUId8+9TlkamAx7Tl9vxU+cKzWx2dwjgMHeCN6twrgwkLrrtqckQeO4mxgVA==}
    engines: {node: '>=18'}
    peerDependencies:
      zod: ^3.25.76 || ^4.1.8

  '@ai-sdk/provider@3.0.2':
    resolution: {integrity: sha512-HrEmNt/BH/hkQ7zpi2o6N3k1ZR1QTb7z85WYhYygiTxOQuaml4CMtHCWRbric5WPU+RNsYI7r1EpyVQMKO1pYw==}
    engines: {node: '>=18'}

  '@anthropic-ai/sdk@0.71.2':
    resolution: {integrity: sha512-TGNDEUuEstk/DKu0/TflXAEt+p+p/WhTlFzEnoosvbaDU2LTjm42igSdlL0VijrKpWejtOKxX0b8A7uc+XiSAQ==}
    hasBin: true
    peerDependencies:
      zod: ^3.25.0 || ^4.0.0
    peerDependenciesMeta:
      zod:
        optional: true

  '@babel/runtime@7.28.6':
    resolution: {integrity: sha512-05WQkdpL9COIMz4LjTxGpPNCdlpyimKppYNoJ5Di5EUObifl8t4tuLuUBBZEpoLYOmfvIWrsp9fCl0HoPRVTdA==}
    engines: {node: '>=6.9.0'}

  '@cfworker/json-schema@4.1.1':
    resolution: {integrity: sha512-gAmrUZSGtKc3AiBL71iNWxDsyUC5uMaKKGdvzYsBoTW/xi42JQHl7eKV2OYzCUqvc+D2RCcf7EXY2iCyFIk6og==}

  '@hono/node-server@1.19.8':
    resolution: {integrity: sha512-0/g2lIOPzX8f3vzW1ggQgvG5mjtFBDBHFAzI5SFAi2DzSqS9luJwqg9T6O/gKYLi+inS7eNxBeIFkkghIPvrMA==}
    engines: {node: '>=18.14.1'}
    peerDependencies:
      hono: ^4

  '@langchain/core@1.1.12':
    resolution: {integrity: sha512-sHWLvhyLi3fntlg3MEPB89kCjxEX7/+imlIYJcp6uFGCAZfGxVWklqp22HwjT1szorUBYrkO8u0YA554ReKxGQ==}
    engines: {node: '>=20'}

  '@langchain/langgraph-checkpoint@1.0.0':
    resolution: {integrity: sha512-xrclBGvNCXDmi0Nz28t3vjpxSH6UYx6w5XAXSiiB1WEdc2xD2iY/a913I3x3a31XpInUW/GGfXXfePfaghV54A==}
    engines: {node: '>=18'}
    peerDependencies:
      '@langchain/core': ^1.0.1

  '@langchain/langgraph-sdk@1.5.3':
    resolution: {integrity: sha512-8ycRjOGsBafxvCpHyCGaWhd3s7UEXEYIEPO/vipebEzQuYaeF+E9MxS9uFSVaX1ZcNuqQNTosnBJG4ZUtirzuw==}
    peerDependencies:
      '@langchain/core': ^1.0.1
      react: ^18 || ^19
      react-dom: ^18 || ^19
    peerDependenciesMeta:
      '@langchain/core':
        optional: true
      react:
        optional: true
      react-dom:
        optional: true

  '@langchain/langgraph@1.0.15':
    resolution: {integrity: sha512-l7/f255sPilanhyY+lbX+VDXQSnytFwJ4FVoEl4OBpjDoCHuDyHUL5yrb568apBSHgQA7aKsYac0mBEqIR5Bjg==}
    engines: {node: '>=18'}
    peerDependencies:
      '@langchain/core': ^1.0.1
      zod: ^3.25.32 || ^4.1.0
      zod-to-json-schema: ^3.x
    peerDependenciesMeta:
      zod-to-json-schema:
        optional: true

  '@opentelemetry/api@1.9.0':
    resolution: {integrity: sha512-3giAOQvZiH5F9bMlMiv8+GSPMeqg0dbaeo58/0SlA9sxSqZhnUtxzX9/2FzyhS9sWQf5S0GJE0AKBrFqjpeYcg==}
    engines: {node: '>=8.0.0'}

  '@standard-schema/spec@1.1.0':
    resolution: {integrity: sha512-l2aFy5jALhniG5HgqrD6jXLi/rUWrKvqN/qJx6yoJsgKhblVd+iqqU4RCXavm/jPityDo5TCvKMnpjKnOriy0w==}

  '@types/node@22.19.5':
    resolution: {integrity: sha512-HfF8+mYcHPcPypui3w3mvzuIErlNOh2OAG+BCeBZCEwyiD5ls2SiCwEyT47OELtf7M3nHxBdu0FsmzdKxkN52Q==}

  '@types/uuid@10.0.0':
    resolution: {integrity: sha512-7gqG38EyHgyP1S+7+xomFtL+ZNHcKv6DwNaCZmJmo1vgMugyF3TCnXVg4t1uk89mLNwnLtnY3TpOpCOyp1/xHQ==}

  '@vercel/oidc@3.1.0':
    resolution: {integrity: sha512-Fw28YZpRnA3cAHHDlkt7xQHiJ0fcL+NRcIqsocZQUSmbzeIKRpwttJjik5ZGanXP+vlA4SbTg+AbA3bP363l+w==}
    engines: {node: '>= 20'}

  ai@6.0.31:
    resolution: {integrity: sha512-aAn62jsDueAK7oiY4jeqJcA4zFctDqVHGyEaUDaWxEXzz4kbMdoByfYlYZhO1V3nhkeVoI8qNyFfiZusAubQLQ==}
    engines: {node: '>=18'}
    peerDependencies:
      zod: ^3.25.76 || ^4.1.8

  ansi-styles@4.3.0:
    resolution: {integrity: sha512-zbB9rCJAT1rbjiVDb2hqKFHNYLxgtk8NURxZ3IZwD3F6NtxbXZQCnnSi1Lkx+IDohdPlFp222wVALIheZJQSEg==}
    engines: {node: '>=8'}

  ansi-styles@5.2.0:
    resolution: {integrity: sha512-Cxwpt2SfTzTtXcfOlzGEee8O+c+MmUgGrNiBcXnuWxuFJHe6a5Hz7qwhwe5OgaSYI0IJvkLqWX1ASG+cJOkEiA==}
    engines: {node: '>=10'}

  base64-js@1.5.1:
    resolution: {integrity: sha512-AKpaYlHn8t4SVbOHCy+b5+KKgvR4vrsD8vbvrbiQJps7fKDTkjkDry6ji0rUJjC0kzbNePLwzxq8iypo41qeWA==}

  camelcase@6.3.0:
    resolution: {integrity: sha512-Gmy6FhYlCY7uOElZUSbxo2UCDH8owEk996gkbrpsgGtrJLM3J7jGxl9Ic7Qwwj4ivOE5AWZWRMecDdF7hqGjFA==}
    engines: {node: '>=10'}

  chalk@4.1.2:
    resolution: {integrity: sha512-oKnbhFyRIXpUuez8iBMmyEa4nbj4IOQyuhc/wy9kY7/WVPcwIO9VA668Pu8RkO7+0G76SLROeyw9CpQ061i4mA==}
    engines: {node: '>=10'}

  color-convert@2.0.1:
    resolution: {integrity: sha512-RRECPsj7iu/xb5oKYcsFHSppFNnsj/52OVTRKb4zP5onXwVF3zVmmToNcOfGC+CRDpfK/U584fMg38ZHCaElKQ==}
    engines: {node: '>=7.0.0'}

  color-name@1.1.4:
    resolution: {integrity: sha512-dOy+3AuW3a2wNbZHIuMZpTcgjGuLU/uBL/ubcZF9OXbDo8ff4O8yVp5Bf0efS8uEoYo5q4Fx7dY9OgQGXgAsQA==}

  console-table-printer@2.15.0:
    resolution: {integrity: sha512-SrhBq4hYVjLCkBVOWaTzceJalvn5K1Zq5aQA6wXC/cYjI3frKWNPEMK3sZsJfNNQApvCQmgBcc13ZKmFj8qExw==}

  decamelize@1.2.0:
    resolution: {integrity: sha512-z2S+W9X73hAUUki+N+9Za2lBlun89zigOyGrsax+KUQ6wKW4ZoWpEYBkGhQjwAjjDCkWxhY0VKEhk8wzY7F5cA==}
    engines: {node: '>=0.10.0'}

  eventemitter3@4.0.7:
    resolution: {integrity: sha512-8guHBZCwKnFhYdHr2ysuRWErTwhoN2X8XELRlrRwpmfeY2jjuUN4taQMsULKUVo1K4DvZl+0pgfyoysHxvmvEw==}

  eventemitter3@5.0.1:
    resolution: {integrity: sha512-GWkBvjiSZK87ELrYOSESUYeVIc9mvLLf/nXalMOS5dYrgZq9o5OVkbZAVM06CVxYsCwH9BDZFPlQTlPA1j4ahA==}

  eventsource-parser@3.0.6:
    resolution: {integrity: sha512-Vo1ab+QXPzZ4tCa8SwIHJFaSzy4R6SHf7BY79rFBDf0idraZWAkYrDjDj8uWaSm3S2TK+hJ7/t1CEmZ7jXw+pg==}
    engines: {node: '>=18.0.0'}

  has-flag@4.0.0:
    resolution: {integrity: sha512-EykJT/Q1KjTWctppgIAgfSO0tKVuZUjhgMr17kqTumMl6Afv3EISleU7qZUzoXDFTAHTDC4NOoG/ZxU3EvlMPQ==}
    engines: {node: '>=8'}

  hono@4.11.4:
    resolution: {integrity: sha512-U7tt8JsyrxSRKspfhtLET79pU8K+tInj5QZXs1jSugO1Vq5dFj3kmZsRldo29mTBfcjDRVRXrEZ6LS63Cog9ZA==}
    engines: {node: '>=16.9.0'}

  is-network-error@1.3.0:
    resolution: {integrity: sha512-6oIwpsgRfnDiyEDLMay/GqCl3HoAtH5+RUKW29gYkL0QA+ipzpDLA16yQs7/RHCSu+BwgbJaOUqa4A99qNVQVw==}
    engines: {node: '>=16'}

  js-tiktoken@1.0.21:
    resolution: {integrity: sha512-biOj/6M5qdgx5TKjDnFT1ymSpM5tbd3ylwDtrQvFQSu0Z7bBYko2dF+W/aUkXUPuk6IVpRxk/3Q2sHOzGlS36g==}

  json-schema-to-ts@3.1.1:
    resolution: {integrity: sha512-+DWg8jCJG2TEnpy7kOm/7/AxaYoaRbjVB4LFZLySZlWn8exGs3A4OLJR966cVvU26N7X9TWxl+Jsw7dzAqKT6g==}
    engines: {node: '>=16'}

  json-schema@0.4.0:
    resolution: {integrity: sha512-es94M3nTIfsEPisRafak+HDLfHXnKBhV3vU5eqPcS3flIWqcxJWgXHXiey3YrpaNsanY5ei1VoYEbOzijuq9BA==}

  langsmith@0.4.5:
    resolution: {integrity: sha512-9N4JSQLz6fWiZwVXaiy0erlvNHlC68EtGJZG2OX+1y9mqj7KvKSL+xJnbCFc+ky3JN8s1d6sCfyyDdi4uDdLnQ==}
    peerDependencies:
      '@opentelemetry/api': '*'
      '@opentelemetry/exporter-trace-otlp-proto': '*'
      '@opentelemetry/sdk-trace-base': '*'
      openai: '*'
    peerDependenciesMeta:
      '@opentelemetry/api':
        optional: true
      '@opentelemetry/exporter-trace-otlp-proto':
        optional: true
      '@opentelemetry/sdk-trace-base':
        optional: true
      openai:
        optional: true

  mustache@4.2.0:
    resolution: {integrity: sha512-71ippSywq5Yb7/tVYyGbkBggbU8H3u5Rz56fH60jGFgr8uHwxs+aSKeqmluIVzM0m0kB7xQjKS6qPfd0b2ZoqQ==}
    hasBin: true

  openai@6.16.0:
    resolution: {integrity: sha512-fZ1uBqjFUjXzbGc35fFtYKEOxd20kd9fDpFeqWtsOZWiubY8CZ1NAlXHW3iathaFvqmNtCWMIsosCuyeI7Joxg==}
    hasBin: true
    peerDependencies:
      ws: ^8.18.0
      zod: ^3.25 || ^4.0
    peerDependenciesMeta:
      ws:
        optional: true
      zod:
        optional: true

  p-finally@1.0.0:
    resolution: {integrity: sha512-LICb2p9CB7FS+0eR1oqWnHhp0FljGLZCWBE9aix0Uye9W8LTQPwMTYVGWQWIw9RdQiDg4+epXQODwIYJtSJaow==}
    engines: {node: '>=4'}

  p-queue@6.6.2:
    resolution: {integrity: sha512-RwFpb72c/BhQLEXIZ5K2e+AhgNVmIejGlTgiB9MzZ0e93GRvqZ7uSi0dvRF7/XIXDeNkra2fNHBxTyPDGySpjQ==}
    engines: {node: '>=8'}

  p-queue@9.1.0:
    resolution: {integrity: sha512-O/ZPaXuQV29uSLbxWBGGZO1mCQXV2BLIwUr59JUU9SoH76mnYvtms7aafH/isNSNGwuEfP6W/4xD0/TJXxrizw==}
    engines: {node: '>=20'}

  p-retry@7.1.1:
    resolution: {integrity: sha512-J5ApzjyRkkf601HpEeykoiCvzHQjWxPAHhyjFcEUP2SWq0+35NKh8TLhpLw+Dkq5TZBFvUM6UigdE9hIVYTl5w==}
    engines: {node: '>=20'}

  p-timeout@3.2.0:
    resolution: {integrity: sha512-rhIwUycgwwKcP9yTOOFK/AKsAopjjCakVqLHePO3CC6Mir1Z99xT+R63jZxAT5lFZLa2inS5h+ZS2GvR99/FBg==}
    engines: {node: '>=8'}

  p-timeout@7.0.1:
    resolution: {integrity: sha512-AxTM2wDGORHGEkPCt8yqxOTMgpfbEHqF51f/5fJCmwFC3C/zNcGT63SymH2ttOAaiIws2zVg4+izQCjrakcwHg==}
    engines: {node: '>=20'}

  react@19.2.3:
    resolution: {integrity: sha512-Ku/hhYbVjOQnXDZFv2+RibmLFGwFdeeKHFcOTlrt7xplBnya5OGn/hIRDsqDiSUcfORsDC7MPxwork8jBwsIWA==}
    engines: {node: '>=0.10.0'}

  semver@7.7.3:
    resolution: {integrity: sha512-SdsKMrI9TdgjdweUSR9MweHA4EJ8YxHn8DFaDisvhVlUOe4BF1tLD7GAj0lIqWVl+dPb/rExr0Btby5loQm20Q==}
    engines: {node: '>=10'}
    hasBin: true

  simple-wcswidth@1.1.2:
    resolution: {integrity: sha512-j7piyCjAeTDSjzTSQ7DokZtMNwNlEAyxqSZeCS+CXH7fJ4jx3FuJ/mTW3mE+6JLs4VJBbcll0Kjn+KXI5t21Iw==}

  supports-color@7.2.0:
    resolution: {integrity: sha512-qpCAvRl9stuOHveKsn7HncJRvv501qIacKzQlO/+Lwxc9+0q2wLyv4Dfvt80/DPn2pqOBsJdDiogXGR9+OvwRw==}
    engines: {node: '>=8'}

  ts-algebra@2.0.0:
    resolution: {integrity: sha512-FPAhNPFMrkwz76P7cdjdmiShwMynZYN6SgOujD1urY4oNm80Ou9oMdmbR45LotcKOXoy7wSmHkRFE6Mxbrhefw==}

  turbo-darwin-64@2.7.4:
    resolution: {integrity: sha512-xDR30ltfkSsRfGzABBckvl1nz1cZ3ssTujvdj+TPwOweeDRvZ0e06t5DS0rmRBvyKpgGs42K/EK6Mn2qLlFY9A==}
    cpu: [x64]
    os: [darwin]

  turbo-darwin-arm64@2.7.4:
    resolution: {integrity: sha512-P7sjqXtOL/+nYWPvcDGWhi8wf8M8mZHHB8XEzw2VX7VJrS8IGHyJHGD1AYfDvhAEcr7pnk3gGifz3/xyhI655w==}
    cpu: [arm64]
    os: [darwin]

  turbo-linux-64@2.7.4:
    resolution: {integrity: sha512-GofFOxRO/IhG8BcPyMSSB3Y2+oKQotsaYbHxL9yD6JPb20/o35eo+zUSyazOtilAwDHnak5dorAJFoFU8MIg2A==}
    cpu: [x64]
    os: [linux]

  turbo-linux-arm64@2.7.4:
    resolution: {integrity: sha512-+RQKgNjksVPxYAyAgmDV7w/1qj++qca+nSNTAOKGOfJiDtSvRKoci89oftJ6anGs00uamLKVEQ712TI/tfNAIw==}
    cpu: [arm64]
    os: [linux]

  turbo-windows-64@2.7.4:
    resolution: {integrity: sha512-rfak1+g+ON3czs1mDYsCS4X74ZmK6gOgRQTXjDICtzvR4o61paqtgAYtNPofcVsMWeF4wvCajSeoAkkeAnQ1kg==}
    cpu: [x64]
    os: [win32]

  turbo-windows-arm64@2.7.4:
    resolution: {integrity: sha512-1ZgBNjNRbDu/fPeqXuX9i26x3CJ/Y1gcwUpQ+Vp7kN9Un6RZ9kzs164f/knrjcu5E+szCRexVjRSJay1k5jApA==}
    cpu: [arm64]
    os: [win32]

  turbo@2.7.4:
    resolution: {integrity: sha512-bkO4AddmDishzJB2ze7aYYPaejMoJVfS0XnaR6RCdXFOY8JGJfQE+l9fKiV7uDPa5Ut44gmOWJL3894CIMeH9g==}
    hasBin: true

  typescript@5.9.3:
    resolution: {integrity: sha512-jl1vZzPDinLr9eUt3J/t7V6FgNEw9QjvBPdysz9KfQDD41fQrC2Y4vKQdiaUpFT4bXlb1RHhLpp8wtm6M5TgSw==}
    engines: {node: '>=14.17'}
    hasBin: true

  undici-types@6.21.0:
    resolution: {integrity: sha512-iwDZqg0QAGrg9Rav5H4n0M64c3mkR59cJ6wQp+7C4nI0gsmExaedaYLNO44eT4AtBBwjbTiGPMlt2Md0T9H9JQ==}

  uuid@10.0.0:
    resolution: {integrity: sha512-8XkAphELsDnEGrDxUOHB3RGvXz6TeuYSGEZBOjtTtPm2lwhGBjLgOzLHB63IUWfBpNucQjND6d3AOudO+H3RWQ==}
    hasBin: true

  uuid@13.0.0:
    resolution: {integrity: sha512-XQegIaBTVUjSHliKqcnFqYypAd4S+WCYt5NIeRs6w/UAry7z8Y9j5ZwRRL4kzq9U3sD6v+85er9FvkEaBpji2w==}
    hasBin: true

  zod-to-json-schema@3.25.1:
    resolution: {integrity: sha512-pM/SU9d3YAggzi6MtR4h7ruuQlqKtad8e9S0fmxcMi+ueAK5Korys/aWcV9LIIHTVbj01NdzxcnXSN+O74ZIVA==}
    peerDependencies:
      zod: ^3.25 || ^4

  zod@3.25.76:
    resolution: {integrity: sha512-gzUt/qt81nXsFGKIFcC3YnfEAx5NkunCfnDlvuBSSFS02bcXu4Lmea0AFIUwbLWxWPx3d9p8S5QoaujKcNQxcQ==}

snapshots:

  '@ai-sdk/gateway@3.0.13(zod@3.25.76)':
    dependencies:
      '@ai-sdk/provider': 3.0.2
      '@ai-sdk/provider-utils': 4.0.5(zod@3.25.76)
      '@vercel/oidc': 3.1.0
      zod: 3.25.76

  '@ai-sdk/provider-utils@4.0.5(zod@3.25.76)':
    dependencies:
      '@ai-sdk/provider': 3.0.2
      '@standard-schema/spec': 1.1.0
      eventsource-parser: 3.0.6
      zod: 3.25.76

  '@ai-sdk/provider@3.0.2':
    dependencies:
      json-schema: 0.4.0

  '@anthropic-ai/sdk@0.71.2(zod@3.25.76)':
    dependencies:
      json-schema-to-ts: 3.1.1
    optionalDependencies:
      zod: 3.25.76

  '@babel/runtime@7.28.6': {}

  '@cfworker/json-schema@4.1.1': {}

  '@hono/node-server@1.19.8(hono@4.11.4)':
    dependencies:
      hono: 4.11.4

  '@langchain/core@1.1.12(@opentelemetry/api@1.9.0)(openai@6.16.0(zod@3.25.76))':
    dependencies:
      '@cfworker/json-schema': 4.1.1
      ansi-styles: 5.2.0
      camelcase: 6.3.0
      decamelize: 1.2.0
      js-tiktoken: 1.0.21
      langsmith: 0.4.5(@opentelemetry/api@1.9.0)(openai@6.16.0(zod@3.25.76))
      mustache: 4.2.0
      p-queue: 6.6.2
      uuid: 10.0.0
      zod: 3.25.76
    transitivePeerDependencies:
      - '@opentelemetry/api'
      - '@opentelemetry/exporter-trace-otlp-proto'
      - '@opentelemetry/sdk-trace-base'
      - openai

  '@langchain/langgraph-checkpoint@1.0.0(@langchain/core@1.1.12(@opentelemetry/api@1.9.0)(openai@6.16.0(zod@3.25.76)))':
    dependencies:
      '@langchain/core': 1.1.12(@opentelemetry/api@1.9.0)(openai@6.16.0(zod@3.25.76))
      uuid: 10.0.0

  '@langchain/langgraph-sdk@1.5.3(@langchain/core@1.1.12(@opentelemetry/api@1.9.0)(openai@6.16.0(zod@3.25.76)))(react@19.2.3)':
    dependencies:
      p-queue: 9.1.0
      p-retry: 7.1.1
      uuid: 13.0.0
    optionalDependencies:
      '@langchain/core': 1.1.12(@opentelemetry/api@1.9.0)(openai@6.16.0(zod@3.25.76))
      react: 19.2.3

  '@langchain/langgraph@1.0.15(@langchain/core@1.1.12(@opentelemetry/api@1.9.0)(openai@6.16.0(zod@3.25.76)))(react@19.2.3)(zod-to-json-schema@3.25.1(zod@3.25.76))(zod@3.25.76)':
    dependencies:
      '@langchain/core': 1.1.12(@opentelemetry/api@1.9.0)(openai@6.16.0(zod@3.25.76))
      '@langchain/langgraph-checkpoint': 1.0.0(@langchain/core@1.1.12(@opentelemetry/api@1.9.0)(openai@6.16.0(zod@3.25.76)))
      '@langchain/langgraph-sdk': 1.5.3(@langchain/core@1.1.12(@opentelemetry/api@1.9.0)(openai@6.16.0(zod@3.25.76)))(react@19.2.3)
      uuid: 10.0.0
      zod: 3.25.76
    optionalDependencies:
      zod-to-json-schema: 3.25.1(zod@3.25.76)
    transitivePeerDependencies:
      - react
      - react-dom

  '@opentelemetry/api@1.9.0': {}

  '@standard-schema/spec@1.1.0': {}

  '@types/node@22.19.5':
    dependencies:
      undici-types: 6.21.0

  '@types/uuid@10.0.0': {}

  '@vercel/oidc@3.1.0': {}

  ai@6.0.31(zod@3.25.76):
    dependencies:
      '@ai-sdk/gateway': 3.0.13(zod@3.25.76)
      '@ai-sdk/provider': 3.0.2
      '@ai-sdk/provider-utils': 4.0.5(zod@3.25.76)
      '@opentelemetry/api': 1.9.0
      zod: 3.25.76

  ansi-styles@4.3.0:
    dependencies:
      color-convert: 2.0.1

  ansi-styles@5.2.0: {}

  base64-js@1.5.1: {}

  camelcase@6.3.0: {}

  chalk@4.1.2:
    dependencies:
      ansi-styles: 4.3.0
      supports-color: 7.2.0

  color-convert@2.0.1:
    dependencies:
      color-name: 1.1.4

  color-name@1.1.4: {}

  console-table-printer@2.15.0:
    dependencies:
      simple-wcswidth: 1.1.2

  decamelize@1.2.0: {}

  eventemitter3@4.0.7: {}

  eventemitter3@5.0.1: {}

  eventsource-parser@3.0.6: {}

  has-flag@4.0.0: {}

  hono@4.11.4: {}

  is-network-error@1.3.0: {}

  js-tiktoken@1.0.21:
    dependencies:
      base64-js: 1.5.1

  json-schema-to-ts@3.1.1:
    dependencies:
      '@babel/runtime': 7.28.6
      ts-algebra: 2.0.0

  json-schema@0.4.0: {}

  langsmith@0.4.5(@opentelemetry/api@1.9.0)(openai@6.16.0(zod@3.25.76)):
    dependencies:
      '@types/uuid': 10.0.0
      chalk: 4.1.2
      console-table-printer: 2.15.0
      p-queue: 6.6.2
      semver: 7.7.3
      uuid: 10.0.0
    optionalDependencies:
      '@opentelemetry/api': 1.9.0
      openai: 6.16.0(zod@3.25.76)

  mustache@4.2.0: {}

  openai@6.16.0(zod@3.25.76):
    optionalDependencies:
      zod: 3.25.76

  p-finally@1.0.0: {}

  p-queue@6.6.2:
    dependencies:
      eventemitter3: 4.0.7
      p-timeout: 3.2.0

  p-queue@9.1.0:
    dependencies:
      eventemitter3: 5.0.1
      p-timeout: 7.0.1

  p-retry@7.1.1:
    dependencies:
      is-network-error: 1.3.0

  p-timeout@3.2.0:
    dependencies:
      p-finally: 1.0.0

  p-timeout@7.0.1: {}

  react@19.2.3:
    optional: true

  semver@7.7.3: {}

  simple-wcswidth@1.1.2: {}

  supports-color@7.2.0:
    dependencies:
      has-flag: 4.0.0

  ts-algebra@2.0.0: {}

  turbo-darwin-64@2.7.4:
    optional: true

  turbo-darwin-arm64@2.7.4:
    optional: true

  turbo-linux-64@2.7.4:
    optional: true

  turbo-linux-arm64@2.7.4:
    optional: true

  turbo-windows-64@2.7.4:
    optional: true

  turbo-windows-arm64@2.7.4:
    optional: true

  turbo@2.7.4:
    optionalDependencies:
      turbo-darwin-64: 2.7.4
      turbo-darwin-arm64: 2.7.4
      turbo-linux-64: 2.7.4
      turbo-linux-arm64: 2.7.4
      turbo-windows-64: 2.7.4
      turbo-windows-arm64: 2.7.4

  typescript@5.9.3: {}

  undici-types@6.21.0: {}

  uuid@10.0.0: {}

  uuid@13.0.0: {}

  zod-to-json-schema@3.25.1(zod@3.25.76):
    dependencies:
      zod: 3.25.76
    optional: true

  zod@3.25.76: {}
